{
  "name": "@postfiat/solidity",
  "version": "0.1.0",
  "lockfileVersion": 3,
  "requires": true,
  "packages": {
    "": {
      "name": "@postfiat/solidity",
      "version": "0.1.0",
      "license": "Apache-2.0",
      "dependencies": {
        "@lazyledger/protobuf3-solidity-lib": "^0.6.0",
        "@openzeppelin/contracts": "^5.0.0"
      }
    },
    "node_modules/@lazyledger/protobuf3-solidity-lib": {
      "version": "0.6.0",
      "resolved": "https://registry.npmjs.org/@lazyledger/protobuf3-solidity-lib/-/protobuf3-solidity-lib-0.6.0.tgz",
      "integrity": "sha512-f1BKqPokOj1xWhWQx91ddQoVQ8OApFf3vgT+1WuTF0hcWmH1jz9DkhHznp6pz3BjvxSviBHW25fXAMgArortJQ==",
      "license": "Apache-2.0"
    },
    "node_modules/@openzeppelin/contracts": {
      "version": "5.4.0",
      "resolved": "https://registry.npmjs.org/@openzeppelin/contracts/-/contracts-5.4.0.tgz",
      "integrity": "sha512-eCYgWnLg6WO+X52I16TZt8uEjbtdkgLC0SUX/xnAksjjrQI4Xfn4iBRoI5j55dmlOhDv1Y7BoR3cU7e3WWhC6A==",
      "license": "MIT"
    }
  }
}
